// !$*UTF8*$!
{
	archiveVersion = 1;
	classes = {
	};
	objectVersion = 55;
	objects = {

/* Begin PBXBuildFile section */
		22786B4E29767BE600CE76F3 /* SwiftUIMemo.xcdatamodeld in Sources */ = {isa = PBXBuildFile; fileRef = 22786B3B29767BE600CE76F3 /* SwiftUIMemo.xcdatamodeld */; };
		22786B4F29767BE600CE76F3 /* SwiftUIMemo.xcdatamodeld in Sources */ = {isa = PBXBuildFile; fileRef = 22786B3B29767BE600CE76F3 /* SwiftUIMemo.xcdatamodeld */; };
		22786B5029767BE600CE76F3 /* SwiftUIMemoApp.swift in Sources */ = {isa = PBXBuildFile; fileRef = 22786B3D29767BE600CE76F3 /* SwiftUIMemoApp.swift */; };
		22786B5129767BE600CE76F3 /* SwiftUIMemoApp.swift in Sources */ = {isa = PBXBuildFile; fileRef = 22786B3D29767BE600CE76F3 /* SwiftUIMemoApp.swift */; };
		22786B5429767BE600CE76F3 /* Persistence.swift in Sources */ = {isa = PBXBuildFile; fileRef = 22786B3F29767BE600CE76F3 /* Persistence.swift */; };
		22786B5529767BE600CE76F3 /* Persistence.swift in Sources */ = {isa = PBXBuildFile; fileRef = 22786B3F29767BE600CE76F3 /* Persistence.swift */; };
		22786B5629767BE600CE76F3 /* Assets.xcassets in Resources */ = {isa = PBXBuildFile; fileRef = 22786B4029767BE600CE76F3 /* Assets.xcassets */; };
		22786B5729767BE600CE76F3 /* Assets.xcassets in Resources */ = {isa = PBXBuildFile; fileRef = 22786B4029767BE600CE76F3 /* Assets.xcassets */; };
		22786B6129767CC800CE76F3 /* MainListView.swift in Sources */ = {isa = PBXBuildFile; fileRef = 22786B6029767CC800CE76F3 /* MainListView.swift */; };
		22786B6229767CC800CE76F3 /* MainListView.swift in Sources */ = {isa = PBXBuildFile; fileRef = 22786B6029767CC800CE76F3 /* MainListView.swift */; };
		22786B662976859900CE76F3 /* Memo.swift in Sources */ = {isa = PBXBuildFile; fileRef = 22786B652976859900CE76F3 /* Memo.swift */; };
		22786B672976859900CE76F3 /* Memo.swift in Sources */ = {isa = PBXBuildFile; fileRef = 22786B652976859900CE76F3 /* Memo.swift */; };
		22786B692976866700CE76F3 /* MemoStore.swift in Sources */ = {isa = PBXBuildFile; fileRef = 22786B682976866700CE76F3 /* MemoStore.swift */; };
		22786B6A2976866700CE76F3 /* MemoStore.swift in Sources */ = {isa = PBXBuildFile; fileRef = 22786B682976866700CE76F3 /* MemoStore.swift */; };
		22786B6D29769D5600CE76F3 /* MemoCell.swift in Sources */ = {isa = PBXBuildFile; fileRef = 22786B6C29769D5600CE76F3 /* MemoCell.swift */; };
		22786B6E29769D5600CE76F3 /* MemoCell.swift in Sources */ = {isa = PBXBuildFile; fileRef = 22786B6C29769D5600CE76F3 /* MemoCell.swift */; };
		22786B702976A5E700CE76F3 /* ComposeView.swift in Sources */ = {isa = PBXBuildFile; fileRef = 22786B6F2976A5E700CE76F3 /* ComposeView.swift */; };
		22786B712976A5E700CE76F3 /* ComposeView.swift in Sources */ = {isa = PBXBuildFile; fileRef = 22786B6F2976A5E700CE76F3 /* ComposeView.swift */; };
/* End PBXBuildFile section */

/* Begin PBXFileReference section */
		22786B3C29767BE600CE76F3 /* Shared.xcdatamodel */ = {isa = PBXFileReference; lastKnownFileType = wrapper.xcdatamodel; path = Shared.xcdatamodel; sourceTree = "<group>"; };
		22786B3D29767BE600CE76F3 /* SwiftUIMemoApp.swift */ = {isa = PBXFileReference; lastKnownFileType = sourcecode.swift; path = SwiftUIMemoApp.swift; sourceTree = "<group>"; };
		22786B3F29767BE600CE76F3 /* Persistence.swift */ = {isa = PBXFileReference; lastKnownFileType = sourcecode.swift; path = Persistence.swift; sourceTree = "<group>"; };
		22786B4029767BE600CE76F3 /* Assets.xcassets */ = {isa = PBXFileReference; lastKnownFileType = folder.assetcatalog; path = Assets.xcassets; sourceTree = "<group>"; };
		22786B4529767BE600CE76F3 /* SwiftUIMemo.app */ = {isa = PBXFileReference; explicitFileType = wrapper.application; includeInIndex = 0; path = SwiftUIMemo.app; sourceTree = BUILT_PRODUCTS_DIR; };
		22786B4B29767BE600CE76F3 /* SwiftUIMemo.app */ = {isa = PBXFileReference; explicitFileType = wrapper.application; includeInIndex = 0; path = SwiftUIMemo.app; sourceTree = BUILT_PRODUCTS_DIR; };
		22786B4D29767BE600CE76F3 /* macOS.entitlements */ = {isa = PBXFileReference; lastKnownFileType = text.plist.entitlements; path = macOS.entitlements; sourceTree = "<group>"; };
		22786B6029767CC800CE76F3 /* MainListView.swift */ = {isa = PBXFileReference; lastKnownFileType = sourcecode.swift; path = MainListView.swift; sourceTree = "<group>"; };
		22786B652976859900CE76F3 /* Memo.swift */ = {isa = PBXFileReference; lastKnownFileType = sourcecode.swift; path = Memo.swift; sourceTree = "<group>"; };
		22786B682976866700CE76F3 /* MemoStore.swift */ = {isa = PBXFileReference; lastKnownFileType = sourcecode.swift; path = MemoStore.swift; sourceTree = "<group>"; };
		22786B6C29769D5600CE76F3 /* MemoCell.swift */ = {isa = PBXFileReference; lastKnownFileType = sourcecode.swift; path = MemoCell.swift; sourceTree = "<group>"; };
		22786B6F2976A5E700CE76F3 /* ComposeView.swift */ = {isa = PBXFileReference; lastKnownFileType = sourcecode.swift; path = ComposeView.swift; sourceTree = "<group>"; };
/* End PBXFileReference section */

/* Begin PBXFrameworksBuildPhase section */
		22786B4229767BE600CE76F3 /* Frameworks */ = {
			isa = PBXFrameworksBuildPhase;
			buildActionMask = 2147483647;
			files = (
			);
			runOnlyForDeploymentPostprocessing = 0;
		};
		22786B4829767BE600CE76F3 /* Frameworks */ = {
			isa = PBXFrameworksBuildPhase;
			buildActionMask = 2147483647;
			files = (
			);
			runOnlyForDeploymentPostprocessing = 0;
		};
/* End PBXFrameworksBuildPhase section */

/* Begin PBXGroup section */
		22786B3529767BE600CE76F3 = {
			isa = PBXGroup;
			children = (
				22786B3A29767BE600CE76F3 /* Shared */,
				22786B4C29767BE600CE76F3 /* macOS */,
				22786B4629767BE600CE76F3 /* Products */,
			);
			sourceTree = "<group>";
		};
		22786B3A29767BE600CE76F3 /* Shared */ = {
			isa = PBXGroup;
			children = (
				22786B6B2976917500CE76F3 /* View */,
				22786B6429767CF900CE76F3 /* Memory */,
				22786B6329767CF000CE76F3 /* CoreData */,
				22786B3D29767BE600CE76F3 /* SwiftUIMemoApp.swift */,
				22786B4029767BE600CE76F3 /* Assets.xcassets */,
			);
			path = Shared;
			sourceTree = "<group>";
		};
		22786B4629767BE600CE76F3 /* Products */ = {
			isa = PBXGroup;
			children = (
				22786B4529767BE600CE76F3 /* SwiftUIMemo.app */,
				22786B4B29767BE600CE76F3 /* SwiftUIMemo.app */,
			);
			name = Products;
			sourceTree = "<group>";
		};
		22786B4C29767BE600CE76F3 /* macOS */ = {
			isa = PBXGroup;
			children = (
				22786B4D29767BE600CE76F3 /* macOS.entitlements */,
			);
			path = macOS;
			sourceTree = "<group>";
		};
		22786B6329767CF000CE76F3 /* CoreData */ = {
			isa = PBXGroup;
			children = (
				22786B3B29767BE600CE76F3 /* SwiftUIMemo.xcdatamodeld */,
				22786B3F29767BE600CE76F3 /* Persistence.swift */,
			);
			path = CoreData;
			sourceTree = "<group>";
		};
		22786B6429767CF900CE76F3 /* Memory */ = {
			isa = PBXGroup;
			children = (
				22786B652976859900CE76F3 /* Memo.swift */,
				22786B682976866700CE76F3 /* MemoStore.swift */,
			);
			path = Memory;
			sourceTree = "<group>";
		};
		22786B6B2976917500CE76F3 /* View */ = {
			isa = PBXGroup;
			children = (
				22786B6029767CC800CE76F3 /* MainListView.swift */,
				22786B6C29769D5600CE76F3 /* MemoCell.swift */,
				22786B6F2976A5E700CE76F3 /* ComposeView.swift */,
			);
			path = View;
			sourceTree = "<group>";
		};
/* End PBXGroup section */

/* Begin PBXNativeTarget section */
		22786B4429767BE600CE76F3 /* SwiftUIMemo (iOS) */ = {
			isa = PBXNativeTarget;
			buildConfigurationList = 22786B5A29767BE600CE76F3 /* Build configuration list for PBXNativeTarget "SwiftUIMemo (iOS)" */;
			buildPhases = (
				22786B4129767BE600CE76F3 /* Sources */,
				22786B4229767BE600CE76F3 /* Frameworks */,
				22786B4329767BE600CE76F3 /* Resources */,
			);
			buildRules = (
			);
			dependencies = (
			);
			name = "SwiftUIMemo (iOS)";
			productName = "SwiftUIMemo (iOS)";
			productReference = 22786B4529767BE600CE76F3 /* SwiftUIMemo.app */;
			productType = "com.apple.product-type.application";
		};
		22786B4A29767BE600CE76F3 /* SwiftUIMemo (macOS) */ = {
			isa = PBXNativeTarget;
			buildConfigurationList = 22786B5D29767BE600CE76F3 /* Build configuration list for PBXNativeTarget "SwiftUIMemo (macOS)" */;
			buildPhases = (
				22786B4729767BE600CE76F3 /* Sources */,
				22786B4829767BE600CE76F3 /* Frameworks */,
				22786B4929767BE600CE76F3 /* Resources */,
			);
			buildRules = (
			);
			dependencies = (
			);
			name = "SwiftUIMemo (macOS)";
			productName = "SwiftUIMemo (macOS)";
			productReference = 22786B4B29767BE600CE76F3 /* SwiftUIMemo.app */;
			productType = "com.apple.product-type.application";
		};
/* End PBXNativeTarget section */

/* Begin PBXProject section */
		22786B3629767BE600CE76F3 /* Project object */ = {
			isa = PBXProject;
			attributes = {
				BuildIndependentTargetsInParallel = 1;
				LastSwiftUpdateCheck = 1340;
				LastUpgradeCheck = 1340;
				TargetAttributes = {
					22786B4429767BE600CE76F3 = {
						CreatedOnToolsVersion = 13.4.1;
					};
					22786B4A29767BE600CE76F3 = {
						CreatedOnToolsVersion = 13.4.1;
					};
				};
			};
			buildConfigurationList = 22786B3929767BE600CE76F3 /* Build configuration list for PBXProject "SwiftUIMemo" */;
			compatibilityVersion = "Xcode 13.0";
			developmentRegion = en;
			hasScannedForEncodings = 0;
			knownRegions = (
				en,
				Base,
			);
			mainGroup = 22786B3529767BE600CE76F3;
			productRefGroup = 22786B4629767BE600CE76F3 /* Products */;
			projectDirPath = "";
			projectRoot = "";
			targets = (
				22786B4429767BE600CE76F3 /* SwiftUIMemo (iOS) */,
				22786B4A29767BE600CE76F3 /* SwiftUIMemo (macOS) */,
			);
		};
/* End PBXProject section */

/* Begin PBXResourcesBuildPhase section */
		22786B4329767BE600CE76F3 /* Resources */ = {
			isa = PBXResourcesBuildPhase;
			buildActionMask = 2147483647;
			files = (
				22786B5629767BE600CE76F3 /* Assets.xcassets in Resources */,
			);
			runOnlyForDeploymentPostprocessing = 0;
		};
		22786B4929767BE600CE76F3 /* Resources */ = {
			isa = PBXResourcesBuildPhase;
			buildActionMask = 2147483647;
			files = (
				22786B5729767BE600CE76F3 /* Assets.xcassets in Resources */,
			);
			runOnlyForDeploymentPostprocessing = 0;
		};
/* End PBXResourcesBuildPhase section */

/* Begin PBXSourcesBuildPhase section */
		22786B4129767BE600CE76F3 /* Sources */ = {
			isa = PBXSourcesBuildPhase;
			buildActionMask = 2147483647;
			files = (
				22786B6D29769D5600CE76F3 /* MemoCell.swift in Sources */,
				22786B4E29767BE600CE76F3 /* SwiftUIMemo.xcdatamodeld in Sources */,
				22786B692976866700CE76F3 /* MemoStore.swift in Sources */,
				22786B6129767CC800CE76F3 /* MainListView.swift in Sources */,
				22786B5429767BE600CE76F3 /* Persistence.swift in Sources */,
				22786B702976A5E700CE76F3 /* ComposeView.swift in Sources */,
				22786B5029767BE600CE76F3 /* SwiftUIMemoApp.swift in Sources */,
				22786B662976859900CE76F3 /* Memo.swift in Sources */,
			);
			runOnlyForDeploymentPostprocessing = 0;
		};
		22786B4729767BE600CE76F3 /* Sources */ = {
			isa = PBXSourcesBuildPhase;
			buildActionMask = 2147483647;
			files = (
				22786B6E29769D5600CE76F3 /* MemoCell.swift in Sources */,
				22786B4F29767BE600CE76F3 /* SwiftUIMemo.xcdatamodeld in Sources */,
				22786B6A2976866700CE76F3 /* MemoStore.swift in Sources */,
				22786B6229767CC800CE76F3 /* MainListView.swift in Sources */,
				22786B5529767BE600CE76F3 /* Persistence.swift in Sources */,
				22786B712976A5E700CE76F3 /* ComposeView.swift in Sources */,
				22786B5129767BE600CE76F3 /* SwiftUIMemoApp.swift in Sources */,
				22786B672976859900CE76F3 /* Memo.swift in Sources */,
			);
			runOnlyForDeploymentPostprocessing = 0;
		};
/* End PBXSourcesBuildPhase section */

/* Begin XCBuildConfiguration section */
		22786B5829767BE600CE76F3 /* Debug */ = {
			isa = XCBuildConfiguration;
			buildSettings = {
				ALWAYS_SEARCH_USER_PATHS = NO;
				CLANG_ANALYZER_NONNULL = YES;
				CLANG_ANALYZER_NUMBER_OBJECT_CONVERSION = YES_AGGRESSIVE;
				CLANG_CXX_LANGUAGE_STANDARD = "gnu++17";
				CLANG_ENABLE_MODULES = YES;
				CLANG_ENABLE_OBJC_ARC = YES;
				CLANG_ENABLE_OBJC_WEAK = YES;
				CLANG_WARN_BLOCK_CAPTURE_AUTORELEASING = YES;
				CLANG_WARN_BOOL_CONVERSION = YES;
				CLANG_WARN_COMMA = YES;
				CLANG_WARN_CONSTANT_CONVERSION = YES;
				CLANG_WARN_DEPRECATED_OBJC_IMPLEMENTATIONS = YES;
				CLANG_WARN_DIRECT_OBJC_ISA_USAGE = YES_ERROR;
				CLANG_WARN_DOCUMENTATION_COMMENTS = YES;
				CLANG_WARN_EMPTY_BODY = YES;
				CLANG_WARN_ENUM_CONVERSION = YES;
				CLANG_WARN_INFINITE_RECURSION = YES;
				CLANG_WARN_INT_CONVERSION = YES;
				CLANG_WARN_NON_LITERAL_NULL_CONVERSION = YES;
				CLANG_WARN_OBJC_IMPLICIT_RETAIN_SELF = YES;
				CLANG_WARN_OBJC_LITERAL_CONVERSION = YES;
				CLANG_WARN_OBJC_ROOT_CLASS = YES_ERROR;
				CLANG_WARN_QUOTED_INCLUDE_IN_FRAMEWORK_HEADER = YES;
				CLANG_WARN_RANGE_LOOP_ANALYSIS = YES;
				CLANG_WARN_STRICT_PROTOTYPES = YES;
				CLANG_WARN_SUSPICIOUS_MOVE = YES;
				CLANG_WARN_UNGUARDED_AVAILABILITY = YES_AGGRESSIVE;
				CLANG_WARN_UNREACHABLE_CODE = YES;
				CLANG_WARN__DUPLICATE_METHOD_MATCH = YES;
				COPY_PHASE_STRIP = NO;
				DEBUG_INFORMATION_FORMAT = dwarf;
				ENABLE_STRICT_OBJC_MSGSEND = YES;
				ENABLE_TESTABILITY = YES;
				GCC_C_LANGUAGE_STANDARD = gnu11;
				GCC_DYNAMIC_NO_PIC = NO;
				GCC_NO_COMMON_BLOCKS = YES;
				GCC_OPTIMIZATION_LEVEL = 0;
				GCC_PREPROCESSOR_DEFINITIONS = (
					"DEBUG=1",
					"$(inherited)",
				);
				GCC_WARN_64_TO_32_BIT_CONVERSION = YES;
				GCC_WARN_ABOUT_RETURN_TYPE = YES_ERROR;
				GCC_WARN_UNDECLARED_SELECTOR = YES;
				GCC_WARN_UNINITIALIZED_AUTOS = YES_AGGRESSIVE;
				GCC_WARN_UNUSED_FUNCTION = YES;
				GCC_WARN_UNUSED_VARIABLE = YES;
				MTL_ENABLE_DEBUG_INFO = INCLUDE_SOURCE;
				MTL_FAST_MATH = YES;
				ONLY_ACTIVE_ARCH = YES;
				SWIFT_ACTIVE_COMPILATION_CONDITIONS = DEBUG;
				SWIFT_OPTIMIZATION_LEVEL = "-Onone";
			};
			name = Debug;
		};
		22786B5929767BE600CE76F3 /* Release */ = {
			isa = XCBuildConfiguration;
			buildSettings = {
				ALWAYS_SEARCH_USER_PATHS = NO;
				CLANG_ANALYZER_NONNULL = YES;
				CLANG_ANALYZER_NUMBER_OBJECT_CONVERSION = YES_AGGRESSIVE;
				CLANG_CXX_LANGUAGE_STANDARD = "gnu++17";
				CLANG_ENABLE_MODULES = YES;
				CLANG_ENABLE_OBJC_ARC = YES;
				CLANG_ENABLE_OBJC_WEAK = YES;
				CLANG_WARN_BLOCK_CAPTURE_AUTORELEASING = YES;
				CLANG_WARN_BOOL_CONVERSION = YES;
				CLANG_WARN_COMMA = YES;
				CLANG_WARN_CONSTANT_CONVERSION = YES;
				CLANG_WARN_DEPRECATED_OBJC_IMPLEMENTATIONS = YES;
				CLANG_WARN_DIRECT_OBJC_ISA_USAGE = YES_ERROR;
				CLANG_WARN_DOCUMENTATION_COMMENTS = YES;
				CLANG_WARN_EMPTY_BODY = YES;
				CLANG_WARN_ENUM_CONVERSION = YES;
				CLANG_WARN_INFINITE_RECURSION = YES;
				CLANG_WARN_INT_CONVERSION = YES;
				CLANG_WARN_NON_LITERAL_NULL_CONVERSION = YES;
				CLANG_WARN_OBJC_IMPLICIT_RETAIN_SELF = YES;
				CLANG_WARN_OBJC_LITERAL_CONVERSION = YES;
				CLANG_WARN_OBJC_ROOT_CLASS = YES_ERROR;
				CLANG_WARN_QUOTED_INCLUDE_IN_FRAMEWORK_HEADER = YES;
				CLANG_WARN_RANGE_LOOP_ANALYSIS = YES;
				CLANG_WARN_STRICT_PROTOTYPES = YES;
				CLANG_WARN_SUSPICIOUS_MOVE = YES;
				CLANG_WARN_UNGUARDED_AVAILABILITY = YES_AGGRESSIVE;
				CLANG_WARN_UNREACHABLE_CODE = YES;
				CLANG_WARN__DUPLICATE_METHOD_MATCH = YES;
				COPY_PHASE_STRIP = NO;
				DEBUG_INFORMATION_FORMAT = "dwarf-with-dsym";
				ENABLE_NS_ASSERTIONS = NO;
				ENABLE_STRICT_OBJC_MSGSEND = YES;
				GCC_C_LANGUAGE_STANDARD = gnu11;
				GCC_NO_COMMON_BLOCKS = YES;
				GCC_WARN_64_TO_32_BIT_CONVERSION = YES;
				GCC_WARN_ABOUT_RETURN_TYPE = YES_ERROR;
				GCC_WARN_UNDECLARED_SELECTOR = YES;
				GCC_WARN_UNINITIALIZED_AUTOS = YES_AGGRESSIVE;
				GCC_WARN_UNUSED_FUNCTION = YES;
				GCC_WARN_UNUSED_VARIABLE = YES;
				MTL_ENABLE_DEBUG_INFO = NO;
				MTL_FAST_MATH = YES;
				SWIFT_COMPILATION_MODE = wholemodule;
				SWIFT_OPTIMIZATION_LEVEL = "-O";
			};
			name = Release;
		};
		22786B5B29767BE600CE76F3 /* Debug */ = {
			isa = XCBuildConfiguration;
			buildSettings = {
				ASSETCATALOG_COMPILER_APPICON_NAME = AppIcon;
				ASSETCATALOG_COMPILER_GLOBAL_ACCENT_COLOR_NAME = AccentColor;
				CODE_SIGN_STYLE = Automatic;
				CURRENT_PROJECT_VERSION = 1;
				ENABLE_PREVIEWS = YES;
				GENERATE_INFOPLIST_FILE = YES;
				INFOPLIST_KEY_UIApplicationSceneManifest_Generation = YES;
				INFOPLIST_KEY_UIApplicationSupportsIndirectInputEvents = YES;
				INFOPLIST_KEY_UILaunchScreen_Generation = YES;
				INFOPLIST_KEY_UISupportedInterfaceOrientations_iPad = "UIInterfaceOrientationPortrait UIInterfaceOrientationPortraitUpsideDown UIInterfaceOrientationLandscapeLeft UIInterfaceOrientationLandscapeRight";
				INFOPLIST_KEY_UISupportedInterfaceOrientations_iPhone = "UIInterfaceOrientationPortrait UIInterfaceOrientationLandscapeLeft UIInterfaceOrientationLandscapeRight";
				IPHONEOS_DEPLOYMENT_TARGET = 15.5;
				LD_RUNPATH_SEARCH_PATHS = (
					"$(inherited)",
					"@executable_path/Frameworks",
				);
				MARKETING_VERSION = 1.0;
				PRODUCT_BUNDLE_IDENTIFIER = com.lecture.swiftuimemo.SwiftUIMemo;
				PRODUCT_NAME = SwiftUIMemo;
				SDKROOT = iphoneos;
				SWIFT_EMIT_LOC_STRINGS = YES;
				SWIFT_VERSION = 5.0;
				TARGETED_DEVICE_FAMILY = "1,2";
			};
			name = Debug;
		};
		22786B5C29767BE600CE76F3 /* Release */ = {
			isa = XCBuildConfiguration;
			buildSettings = {
				ASSETCATALOG_COMPILER_APPICON_NAME = AppIcon;
				ASSETCATALOG_COMPILER_GLOBAL_ACCENT_COLOR_NAME = AccentColor;
				CODE_SIGN_STYLE = Automatic;
				CURRENT_PROJECT_VERSION = 1;
				ENABLE_PREVIEWS = YES;
				GENERATE_INFOPLIST_FILE = YES;
				INFOPLIST_KEY_UIApplicationSceneManifest_Generation = YES;
				INFOPLIST_KEY_UIApplicationSupportsIndirectInputEvents = YES;
				INFOPLIST_KEY_UILaunchScreen_Generation = YES;
				INFOPLIST_KEY_UISupportedInterfaceOrientations_iPad = "UIInterfaceOrientationPortrait UIInterfaceOrientationPortraitUpsideDown UIInterfaceOrientationLandscapeLeft UIInterfaceOrientationLandscapeRight";
				INFOPLIST_KEY_UISupportedInterfaceOrientations_iPhone = "UIInterfaceOrientationPortrait UIInterfaceOrientationLandscapeLeft UIInterfaceOrientationLandscapeRight";
				IPHONEOS_DEPLOYMENT_TARGET = 15.5;
				LD_RUNPATH_SEARCH_PATHS = (
					"$(inherited)",
					"@executable_path/Frameworks",
				);
				MARKETING_VERSION = 1.0;
				PRODUCT_BUNDLE_IDENTIFIER = com.lecture.swiftuimemo.SwiftUIMemo;
				PRODUCT_NAME = SwiftUIMemo;
				SDKROOT = iphoneos;
				SWIFT_EMIT_LOC_STRINGS = YES;
				SWIFT_VERSION = 5.0;
				TARGETED_DEVICE_FAMILY = "1,2";
				VALIDATE_PRODUCT = YES;
			};
			name = Release;
		};
		22786B5E29767BE600CE76F3 /* Debug */ = {
			isa = XCBuildConfiguration;
			buildSettings = {
				ASSETCATALOG_COMPILER_APPICON_NAME = AppIcon;
				ASSETCATALOG_COMPILER_GLOBAL_ACCENT_COLOR_NAME = AccentColor;
				CODE_SIGN_ENTITLEMENTS = macOS/macOS.entitlements;
				CODE_SIGN_STYLE = Automatic;
				COMBINE_HIDPI_IMAGES = YES;
				CURRENT_PROJECT_VERSION = 1;
				ENABLE_PREVIEWS = YES;
				GENERATE_INFOPLIST_FILE = YES;
				INFOPLIST_KEY_NSHumanReadableCopyright = "";
				LD_RUNPATH_SEARCH_PATHS = (
					"$(inherited)",
					"@executable_path/../Frameworks",
				);
				MACOSX_DEPLOYMENT_TARGET = 12.3;
				MARKETING_VERSION = 1.0;
				PRODUCT_BUNDLE_IDENTIFIER = com.lecture.swiftuimemo.SwiftUIMemo;
				PRODUCT_NAME = SwiftUIMemo;
				SDKROOT = macosx;
				SWIFT_EMIT_LOC_STRINGS = YES;
				SWIFT_VERSION = 5.0;
			};
			name = Debug;
		};
		22786B5F29767BE600CE76F3 /* Release */ = {
			isa = XCBuildConfiguration;
			buildSettings = {
				ASSETCATALOG_COMPILER_APPICON_NAME = AppIcon;
				ASSETCATALOG_COMPILER_GLOBAL_ACCENT_COLOR_NAME = AccentColor;
				CODE_SIGN_ENTITLEMENTS = macOS/macOS.entitlements;
				CODE_SIGN_STYLE = Automatic;
				COMBINE_HIDPI_IMAGES = YES;
				CURRENT_PROJECT_VERSION = 1;
				ENABLE_PREVIEWS = YES;
				GENERATE_INFOPLIST_FILE = YES;
				INFOPLIST_KEY_NSHumanReadableCopyright = "";
				LD_RUNPATH_SEARCH_PATHS = (
					"$(inherited)",
					"@executable_path/../Frameworks",
				);
				MACOSX_DEPLOYMENT_TARGET = 12.3;
				MARKETING_VERSION = 1.0;
				PRODUCT_BUNDLE_IDENTIFIER = com.lecture.swiftuimemo.SwiftUIMemo;
				PRODUCT_NAME = SwiftUIMemo;
				SDKROOT = macosx;
				SWIFT_EMIT_LOC_STRINGS = YES;
				SWIFT_VERSION = 5.0;
			};
			name = Release;
		};
/* End XCBuildConfiguration section */

/* Begin XCConfigurationList section */
		22786B3929767BE600CE76F3 /* Build configuration list for PBXProject "SwiftUIMemo" */ = {
			isa = XCConfigurationList;
			buildConfigurations = (
				22786B5829767BE600CE76F3 /* Debug */,
				22786B5929767BE600CE76F3 /* Release */,
			);
			defaultConfigurationIsVisible = 0;
			defaultConfigurationName = Release;
		};
		22786B5A29767BE600CE76F3 /* Build configuration list for PBXNativeTarget "SwiftUIMemo (iOS)" */ = {
			isa = XCConfigurationList;
			buildConfigurations = (
				22786B5B29767BE600CE76F3 /* Debug */,
				22786B5C29767BE600CE76F3 /* Release */,
			);
			defaultConfigurationIsVisible = 0;
			defaultConfigurationName = Release;
		};
		22786B5D29767BE600CE76F3 /* Build configuration list for PBXNativeTarget "SwiftUIMemo (macOS)" */ = {
			isa = XCConfigurationList;
			buildConfigurations = (
				22786B5E29767BE600CE76F3 /* Debug */,
				22786B5F29767BE600CE76F3 /* Release */,
			);
			defaultConfigurationIsVisible = 0;
			defaultConfigurationName = Release;
		};
/* End XCConfigurationList section */

/* Begin XCVersionGroup section */
		22786B3B29767BE600CE76F3 /* SwiftUIMemo.xcdatamodeld */ = {
			isa = XCVersionGroup;
			children = (
				22786B3C29767BE600CE76F3 /* Shared.xcdatamodel */,
			);
			currentVersion = 22786B3C29767BE600CE76F3 /* Shared.xcdatamodel */;
			path = SwiftUIMemo.xcdatamodeld;
			sourceTree = "<group>";
			versionGroupType = wrapper.xcdatamodel;
		};
/* End XCVersionGroup section */
	};
	rootObject = 22786B3629767BE600CE76F3 /* Project object */;
}
